<?xml version="1.0" encoding="utf-8"?>
<Project ToolsVersion="4.0" xmlns="http://schemas.microsoft.com/developer/msbuild/2003">
  <ItemGroup>
    <Filter Include="Source Files">
      <UniqueIdentifier>{4FC737F1-C7A5-4376-A066-2A32D752A2FF}</UniqueIdentifier>
      <Extensions>cpp;c;cc;cxx;def;odl;idl;hpj;bat;asm;asmx</Extensions>
    </Filter>
    <Filter Include="Header Files">
      <UniqueIdentifier>{93995380-89BD-4b04-88EB-625FBE52EBFB}</UniqueIdentifier>
      <Extensions>h;hpp;hxx;hm;inl;inc;xsd</Extensions>
    </Filter>
    <Filter Include="Resource Files">
      <UniqueIdentifier>{67DA6AB6-F800-4c08-8B7A-83BB121AAD01}</UniqueIdentifier>
      <Extensions>rc;ico;cur;bmp;dlg;rc2;rct;bin;rgs;gif;jpg;jpeg;jpe;resx;tiff;tif;png;wav;mfcribbon-ms</Extensions>
    </Filter>
  </ItemGroup>
  <ItemGroup>
    <ClCompile Include="SocketServerTCP.cpp">
      <Filter>Source Files</Filter>
    </ClCompile>
    <ClCompile Include="socketServerUDP.cpp">
      <Filter>Source Files</Filter>
    </ClCompile>
    <ClCompile Include="main.cpp">
      <Filter>Source Files</Filter>
    </ClCompile>
    <ClCompile Include="MutexPool.cpp">
      <Filter>Source Files</Filter>
    </ClCompile>
    <ClCompile Include="CWMutex.cpp">
      <Filter>Source Files</Filter>
    </ClCompile>
    <ClCompile Include="Mutex.cpp">
      <Filter>Source Files</Filter>
    </ClCompile>
    <ClCompile Include="SocketAvd.cpp">
      <Filter>Source Files</Filter>
    </ClCompile>
    <ClCompile Include="CWSocket.cpp">
      <Filter>Source Files</Filter>
    </ClCompile>
    <ClCompile Include="SeleKtor.cpp">
      <Filter>Source Files</Filter>
    </ClCompile>
    <ClCompile Include="Socket.cpp">
      <Filter>Source Files</Filter>
    </ClCompile>
    <ClCompile Include="SocketClientTCP.cpp">
      <Filter>Source Files</Filter>
    </ClCompile>
    <ClCompile Include="SocketClientUDP.cpp">
      <Filter>Source Files</Filter>
    </ClCompile>
    <ClCompile Include="CWCondVar.cpp">
      <Filter>Source Files</Filter>
    </ClCompile>
    <ClCompile Include="Exception.cpp">
      <Filter>Source Files</Filter>
    </ClCompile>
    <ClCompile Include="CondVar.cpp">
      <Filter>Source Files</Filter>
    </ClCompile>
  </ItemGroup>
  <ItemGroup>
    <ClInclude Include="SocketServerTCP.h">
      <Filter>Header Files</Filter>
    </ClInclude>
    <ClInclude Include="SocketServerUDP.h">
      <Filter>Header Files</Filter>
    </ClInclude>
    <ClInclude Include="ISocketServer.h">
      <Filter>Header Files</Filter>
    </ClInclude>
    <ClInclude Include="MutexPool.h">
      <Filter>Header Files</Filter>
    </ClInclude>
    <ClInclude Include="CWMutex.h">
      <Filter>Header Files</Filter>
    </ClInclude>
    <ClInclude Include="IMutex.h">
      <Filter>Header Files</Filter>
    </ClInclude>
    <ClInclude Include="Mutex.h">
      <Filter>Header Files</Filter>
    </ClInclude>
    <ClInclude Include="CWThread.hpp">
      <Filter>Header Files</Filter>
    </ClInclude>
    <ClInclude Include="IThread.h">
      <Filter>Header Files</Filter>
    </ClInclude>
    <ClInclude Include="Thread.hpp">
      <Filter>Header Files</Filter>
    </ClInclude>
    <ClInclude Include="SocketClientTCP.h">
      <Filter>Header Files</Filter>
    </ClInclude>
    <ClInclude Include="SocketClientUDP.h">
      <Filter>Header Files</Filter>
    </ClInclude>
    <ClInclude Include="ISocketClient.h">
      <Filter>Header Files</Filter>
    </ClInclude>
    <ClInclude Include="CWCondVar.h">
      <Filter>Header Files</Filter>
    </ClInclude>
    <ClInclude Include="ICondVar.h">
      <Filter>Header Files</Filter>
    </ClInclude>
    <ClInclude Include="CondVar.hh">
      <Filter>Header Files</Filter>
    </ClInclude>
    <ClInclude Include="Exception.h">
      <Filter>Header Files</Filter>
    </ClInclude>
  </ItemGroup>
  <ItemGroup>
    <None Include="SocketAvd.hh">
      <Filter>Header Files</Filter>
    </None>
    <None Include="CWSocket.hh">
      <Filter>Header Files</Filter>
    </None>
    <None Include="ISocket.hh">
      <Filter>Header Files</Filter>
    </None>
    <None Include="SeleKtor.hh">
      <Filter>Header Files</Filter>
    </None>
    <None Include="Socket.hh">
      <Filter>Header Files</Filter>
    </None>
  </ItemGroup>
</Project>